
Microsoft Visual Studio Solution File, Format Version 12.00
# Visual Studio Version 17
VisualStudioVersion = 17.11.35327.3
MinimumVisualStudioVersion = 10.0.40219.1
Project("{FAE04EC0-301F-11D3-BF4B-00C04F79EFBC}") = "bordes", "bordes\bordes.csproj", "{EADA3172-C82C-4EC6-8992-C74DAF6702FF}"
EndProject
Global
	GlobalSection(SolutionConfigurationPlatforms) = preSolution
		Debug|Any CPU = Debug|Any CPU
		Release|Any CPU = Release|Any CPU
	EndGlobalSection
	GlobalSection(ProjectConfigurationPlatforms) = postSolution
		{EADA3172-C82C-4EC6-8992-C74DAF6702FF}.Debug|Any CPU.ActiveCfg = Debug|Any CPU
		{EADA3172-C82C-4EC6-8992-C74DAF6702FF}.Debug|Any CPU.Build.0 = Debug|Any CPU
		{EADA3172-C82C-4EC6-8992-C74DAF6702FF}.Release|Any CPU.ActiveCfg = Release|Any CPU
		{EADA3172-C82C-4EC6-8992-C74DAF6702FF}.Release|Any CPU.Build.0 = Release|Any CPU
	EndGlobalSection
	GlobalSection(SolutionProperties) = preSolution
		HideSolutionNode = FALSE
	EndGlobalSection
	GlobalSection(ExtensibilityGlobals) = postSolution
		SolutionGuid = {97B362B0-E554-4EF8-B529-7755CBBCED7D}
	EndGlobalSection
EndGlobal
